
Microsoft Visual Studio Solution File, Format Version 12.00
# Visual Studio Version 16
VisualStudioVersion = 16.0.31410.357
MinimumVisualStudioVersion = 10.0.40219.1
Project("{9A19103F-16F7-4668-BE54-9A1E7A4F7556}") = "ImagePluginFramework", "ImagePluginFramework\ImagePluginFramework.csproj", "{06BE29FD-343B-4B09-9B0B-B6F6DF012DE3}"
EndProject
Project("{FAE04EC0-301F-11D3-BF4B-00C04F79EFBC}") = "TestPlugin", "TestPlugin\TestPlugin.csproj", "{BE266F5C-EB86-4632-B1D8-5E31C2FFBBC5}"
EndProject
Global
	GlobalSection(SolutionConfigurationPlatforms) = preSolution
		Debug|Any CPU = Debug|Any CPU
		Release|Any CPU = Release|Any CPU
	EndGlobalSection
	GlobalSection(ProjectConfigurationPlatforms) = postSolution
		{06BE29FD-343B-4B09-9B0B-B6F6DF012DE3}.Debug|Any CPU.ActiveCfg = Debug|Any CPU
		{06BE29FD-343B-4B09-9B0B-B6F6DF012DE3}.Debug|Any CPU.Build.0 = Debug|Any CPU
		{06BE29FD-343B-4B09-9B0B-B6F6DF012DE3}.Release|Any CPU.ActiveCfg = Release|Any CPU
		{06BE29FD-343B-4B09-9B0B-B6F6DF012DE3}.Release|Any CPU.Build.0 = Release|Any CPU
		{BE266F5C-EB86-4632-B1D8-5E31C2FFBBC5}.Debug|Any CPU.ActiveCfg = Debug|Any CPU
		{BE266F5C-EB86-4632-B1D8-5E31C2FFBBC5}.Debug|Any CPU.Build.0 = Debug|Any CPU
		{BE266F5C-EB86-4632-B1D8-5E31C2FFBBC5}.Release|Any CPU.ActiveCfg = Release|Any CPU
		{BE266F5C-EB86-4632-B1D8-5E31C2FFBBC5}.Release|Any CPU.Build.0 = Release|Any CPU
	EndGlobalSection
	GlobalSection(SolutionProperties) = preSolution
		HideSolutionNode = FALSE
	EndGlobalSection
	GlobalSection(ExtensibilityGlobals) = postSolution
		SolutionGuid = {DAD8CB69-4E4E-4606-B0A5-8846E57B912E}
	EndGlobalSection
EndGlobal
